
Microsoft Visual Studio Solution File, Format Version 12.00
# Visual Studio 15
VisualStudioVersion = 15.0.28307.136
MinimumVisualStudioVersion = 10.0.40219.1
Project("{9A19103F-16F7-4668-BE54-9A1E7A4F7556}") = "fouth", "fouth\fouth.csproj", "{B670FA74-3532-4A8A-98A8-9FBED5D2EC7E}"
EndProject
Project("{2150E333-8FDC-42A3-9474-1A3956D46DE8}") = "Solution Items", "Solution Items", "{0D8300E8-007E-4A87-9C24-F120586BF735}"
	ProjectSection(SolutionItems) = preProject
		data.txt = data.txt
	EndProjectSection
EndProject
Project("{FAE04EC0-301F-11D3-BF4B-00C04F79EFBC}") = "UnitTests", "test\UnitTests\UnitTests.csproj", "{59C02E00-9A7A-4D47-BDC1-B3260D6FFF6D}"
EndProject
Global
	GlobalSection(SolutionConfigurationPlatforms) = preSolution
		Debug|Any CPU = Debug|Any CPU
		Release|Any CPU = Release|Any CPU
	EndGlobalSection
	GlobalSection(ProjectConfigurationPlatforms) = postSolution
		{B670FA74-3532-4A8A-98A8-9FBED5D2EC7E}.Debug|Any CPU.ActiveCfg = Debug|Any CPU
		{B670FA74-3532-4A8A-98A8-9FBED5D2EC7E}.Debug|Any CPU.Build.0 = Debug|Any CPU
		{B670FA74-3532-4A8A-98A8-9FBED5D2EC7E}.Release|Any CPU.ActiveCfg = Release|Any CPU
		{B670FA74-3532-4A8A-98A8-9FBED5D2EC7E}.Release|Any CPU.Build.0 = Release|Any CPU
		{59C02E00-9A7A-4D47-BDC1-B3260D6FFF6D}.Debug|Any CPU.ActiveCfg = Debug|Any CPU
		{59C02E00-9A7A-4D47-BDC1-B3260D6FFF6D}.Debug|Any CPU.Build.0 = Debug|Any CPU
		{59C02E00-9A7A-4D47-BDC1-B3260D6FFF6D}.Release|Any CPU.ActiveCfg = Release|Any CPU
		{59C02E00-9A7A-4D47-BDC1-B3260D6FFF6D}.Release|Any CPU.Build.0 = Release|Any CPU
	EndGlobalSection
	GlobalSection(SolutionProperties) = preSolution
		HideSolutionNode = FALSE
	EndGlobalSection
	GlobalSection(ExtensibilityGlobals) = postSolution
		SolutionGuid = {6F968A53-72BE-4BCB-B2FD-E69099A58C51}
	EndGlobalSection
EndGlobal
