
Microsoft Visual Studio Solution File, Format Version 12.00
# Visual Studio 15
VisualStudioVersion = 15.0.28307.136
MinimumVisualStudioVersion = 10.0.40219.1
Project("{FAE04EC0-301F-11D3-BF4B-00C04F79EFBC}") = "UnitTests", "test\UnitTests\UnitTests.csproj", "{0BDE3FF3-B7B4-42F7-90C8-569A9679A69A}"
EndProject
Project("{FAE04EC0-301F-11D3-BF4B-00C04F79EFBC}") = "fifth", "src\fifth.csproj", "{AD9B3B26-3D57-4A3C-8EB1-C84EE8AC335B}"
EndProject
Global
	GlobalSection(SolutionConfigurationPlatforms) = preSolution
		Debug|Any CPU = Debug|Any CPU
		Release|Any CPU = Release|Any CPU
	EndGlobalSection
	GlobalSection(ProjectConfigurationPlatforms) = postSolution
		{0BDE3FF3-B7B4-42F7-90C8-569A9679A69A}.Debug|Any CPU.ActiveCfg = Debug|Any CPU
		{0BDE3FF3-B7B4-42F7-90C8-569A9679A69A}.Debug|Any CPU.Build.0 = Debug|Any CPU
		{0BDE3FF3-B7B4-42F7-90C8-569A9679A69A}.Release|Any CPU.ActiveCfg = Release|Any CPU
		{0BDE3FF3-B7B4-42F7-90C8-569A9679A69A}.Release|Any CPU.Build.0 = Release|Any CPU
		{AD9B3B26-3D57-4A3C-8EB1-C84EE8AC335B}.Debug|Any CPU.ActiveCfg = Debug|Any CPU
		{AD9B3B26-3D57-4A3C-8EB1-C84EE8AC335B}.Debug|Any CPU.Build.0 = Debug|Any CPU
		{AD9B3B26-3D57-4A3C-8EB1-C84EE8AC335B}.Release|Any CPU.ActiveCfg = Release|Any CPU
		{AD9B3B26-3D57-4A3C-8EB1-C84EE8AC335B}.Release|Any CPU.Build.0 = Release|Any CPU
	EndGlobalSection
	GlobalSection(SolutionProperties) = preSolution
		HideSolutionNode = FALSE
	EndGlobalSection
	GlobalSection(ExtensibilityGlobals) = postSolution
		SolutionGuid = {AD34E8B0-7A6F-4C6C-B2BD-92A716E239DC}
	EndGlobalSection
EndGlobal
