
Microsoft Visual Studio Solution File, Format Version 12.00
# Visual Studio 15
VisualStudioVersion = 15.0.28307.136
MinimumVisualStudioVersion = 10.0.40219.1
Project("{9A19103F-16F7-4668-BE54-9A1E7A4F7556}") = "UnitTests", "test\UnitTests\UnitTests.csproj", "{0BDE3FF3-B7B4-42F7-90C8-569A9679A69A}"
EndProject
Project("{9A19103F-16F7-4668-BE54-9A1E7A4F7556}") = "fifth", "src\fifth.csproj", "{AD9B3B26-3D57-4A3C-8EB1-C84EE8AC335B}"
EndProject
Project("{2150E333-8FDC-42A3-9474-1A3956D46DE8}") = "Solution Items", "Solution Items", "{0871B243-74D4-46DB-83A9-C3402801E990}"
	ProjectSection(SolutionItems) = preProject
		data.txt = data.txt
		Question.md = Question.md
	EndProjectSection
EndProject
Global
	GlobalSection(SolutionConfigurationPlatforms) = preSolution
		Debug|Any CPU = Debug|Any CPU
		Release|Any CPU = Release|Any CPU
	EndGlobalSection
	GlobalSection(ProjectConfigurationPlatforms) = postSolution
		{0BDE3FF3-B7B4-42F7-90C8-569A9679A69A}.Debug|Any CPU.ActiveCfg = Debug|Any CPU
		{0BDE3FF3-B7B4-42F7-90C8-569A9679A69A}.Debug|Any CPU.Build.0 = Debug|Any CPU
		{0BDE3FF3-B7B4-42F7-90C8-569A9679A69A}.Release|Any CPU.ActiveCfg = Release|Any CPU
		{0BDE3FF3-B7B4-42F7-90C8-569A9679A69A}.Release|Any CPU.Build.0 = Release|Any CPU
		{AD9B3B26-3D57-4A3C-8EB1-C84EE8AC335B}.Debug|Any CPU.ActiveCfg = Debug|Any CPU
		{AD9B3B26-3D57-4A3C-8EB1-C84EE8AC335B}.Debug|Any CPU.Build.0 = Debug|Any CPU
		{AD9B3B26-3D57-4A3C-8EB1-C84EE8AC335B}.Release|Any CPU.ActiveCfg = Release|Any CPU
		{AD9B3B26-3D57-4A3C-8EB1-C84EE8AC335B}.Release|Any CPU.Build.0 = Release|Any CPU
	EndGlobalSection
	GlobalSection(SolutionProperties) = preSolution
		HideSolutionNode = FALSE
	EndGlobalSection
	GlobalSection(ExtensibilityGlobals) = postSolution
		SolutionGuid = {AD34E8B0-7A6F-4C6C-B2BD-92A716E239DC}
	EndGlobalSection
EndGlobal
